
Microsoft Visual Studio Solution File, Format Version 12.00
# Visual Studio Version 17
VisualStudioVersion = 17.8.34408.163
MinimumVisualStudioVersion = 10.0.40219.1
Project("{FAE04EC0-301F-11D3-BF4B-00C04F79EFBC}") = "moveo", "moveo\moveo.csproj", "{123F20D2-C324-4BBC-9CCC-56F47C57A2B4}"
EndProject
Global
	GlobalSection(SolutionConfigurationPlatforms) = preSolution
		Debug|Any CPU = Debug|Any CPU
		Release|Any CPU = Release|Any CPU
	EndGlobalSection
	GlobalSection(ProjectConfigurationPlatforms) = postSolution
		{123F20D2-C324-4BBC-9CCC-56F47C57A2B4}.Debug|Any CPU.ActiveCfg = Debug|Any CPU
		{123F20D2-C324-4BBC-9CCC-56F47C57A2B4}.Debug|Any CPU.Build.0 = Debug|Any CPU
		{123F20D2-C324-4BBC-9CCC-56F47C57A2B4}.Release|Any CPU.ActiveCfg = Release|Any CPU
		{123F20D2-C324-4BBC-9CCC-56F47C57A2B4}.Release|Any CPU.Build.0 = Release|Any CPU
	EndGlobalSection
	GlobalSection(SolutionProperties) = preSolution
		HideSolutionNode = FALSE
	EndGlobalSection
	GlobalSection(ExtensibilityGlobals) = postSolution
		SolutionGuid = {1D4C201B-0460-4A9C-84F8-1B86CF9D161A}
	EndGlobalSection
EndGlobal
