
Microsoft Visual Studio Solution File, Format Version 12.00
# Visual Studio Version 17
VisualStudioVersion = 17.8.34408.163
MinimumVisualStudioVersion = 10.0.40219.1
Project("{9A19103F-16F7-4668-BE54-9A1E7A4F7556}") = "Projects", "Projects\Projects.csproj", "{93226C2B-9594-4B13-8C82-FF148E84FC2C}"
EndProject
Project("{9A19103F-16F7-4668-BE54-9A1E7A4F7556}") = "Tasks", "Tasks\Tasks.csproj", "{A8F5646A-19C4-43AF-BDD2-8570F0C140D0}"
EndProject
Project("{9A19103F-16F7-4668-BE54-9A1E7A4F7556}") = "Contracts", "Contracts\Contracts.csproj", "{552B971D-7685-4CF4-B0DB-CB87E328AED0}"
EndProject
Project("{FAE04EC0-301F-11D3-BF4B-00C04F79EFBC}") = "Gateway", "Gateway\Gateway.csproj", "{6837FAFE-83D0-4639-8C2A-C42E21C346EA}"
EndProject
Global
	GlobalSection(SolutionConfigurationPlatforms) = preSolution
		Debug|Any CPU = Debug|Any CPU
		Release|Any CPU = Release|Any CPU
	EndGlobalSection
	GlobalSection(ProjectConfigurationPlatforms) = postSolution
		{93226C2B-9594-4B13-8C82-FF148E84FC2C}.Debug|Any CPU.ActiveCfg = Debug|Any CPU
		{93226C2B-9594-4B13-8C82-FF148E84FC2C}.Debug|Any CPU.Build.0 = Debug|Any CPU
		{93226C2B-9594-4B13-8C82-FF148E84FC2C}.Release|Any CPU.ActiveCfg = Release|Any CPU
		{93226C2B-9594-4B13-8C82-FF148E84FC2C}.Release|Any CPU.Build.0 = Release|Any CPU
		{A8F5646A-19C4-43AF-BDD2-8570F0C140D0}.Debug|Any CPU.ActiveCfg = Debug|Any CPU
		{A8F5646A-19C4-43AF-BDD2-8570F0C140D0}.Debug|Any CPU.Build.0 = Debug|Any CPU
		{A8F5646A-19C4-43AF-BDD2-8570F0C140D0}.Release|Any CPU.ActiveCfg = Release|Any CPU
		{A8F5646A-19C4-43AF-BDD2-8570F0C140D0}.Release|Any CPU.Build.0 = Release|Any CPU
		{552B971D-7685-4CF4-B0DB-CB87E328AED0}.Debug|Any CPU.ActiveCfg = Debug|Any CPU
		{552B971D-7685-4CF4-B0DB-CB87E328AED0}.Debug|Any CPU.Build.0 = Debug|Any CPU
		{552B971D-7685-4CF4-B0DB-CB87E328AED0}.Release|Any CPU.ActiveCfg = Release|Any CPU
		{552B971D-7685-4CF4-B0DB-CB87E328AED0}.Release|Any CPU.Build.0 = Release|Any CPU
		{6837FAFE-83D0-4639-8C2A-C42E21C346EA}.Debug|Any CPU.ActiveCfg = Debug|Any CPU
		{6837FAFE-83D0-4639-8C2A-C42E21C346EA}.Debug|Any CPU.Build.0 = Debug|Any CPU
		{6837FAFE-83D0-4639-8C2A-C42E21C346EA}.Release|Any CPU.ActiveCfg = Release|Any CPU
		{6837FAFE-83D0-4639-8C2A-C42E21C346EA}.Release|Any CPU.Build.0 = Release|Any CPU
	EndGlobalSection
	GlobalSection(SolutionProperties) = preSolution
		HideSolutionNode = FALSE
	EndGlobalSection
	GlobalSection(ExtensibilityGlobals) = postSolution
		SolutionGuid = {1D4C201B-0460-4A9C-84F8-1B86CF9D161A}
	EndGlobalSection
EndGlobal
